
Microsoft Visual Studio Solution File, Format Version 11.00
# Visual Studio 2010
Project("{FAE04EC0-301F-11D3-BF4B-00C04F79EFBC}") = "SlowCheetah", "SlowCheetah\SlowCheetah.csproj", "{82981C27-9587-42C7-90C3-9CB88D59C3F1}"
EndProject
Project("{2150E333-8FDC-42A3-9474-1A3956D46DE8}") = "Solution Items", "Solution Items", "{D625B625-3C78-43C7-B285-8A2BFA9C3B6B}"
	ProjectSection(SolutionItems) = preProject
		IntegrationTests.testsettings = IntegrationTests.testsettings
		SlowCheetah.vsmdi = SlowCheetah.vsmdi
		UnitTests.testsettings = UnitTests.testsettings
	EndProjectSection
EndProject
Project("{FAE04EC0-301F-11D3-BF4B-00C04F79EFBC}") = "SlowCheetah_UnitTests", "SlowCheetah\SlowCheetah_UnitTests\SlowCheetah_UnitTests.csproj", "{2FAF5A09-3AA5-43BB-BC9A-608CE27ABBE4}"
EndProject
Project("{FAE04EC0-301F-11D3-BF4B-00C04F79EFBC}") = "Sample", "Sample\Sample.csproj", "{993B3AFF-787D-4A35-AC12-BD3574086926}"
EndProject
Project("{FAE04EC0-301F-11D3-BF4B-00C04F79EFBC}") = "SlowCheetah.Tasks", "SlowCheetah.Tasks\SlowCheetah.Tasks.csproj", "{CDAA253C-6C77-4E8C-8793-4E7D65EC412B}"
EndProject
Project("{2150E333-8FDC-42A3-9474-1A3956D46DE8}") = "Released binaries", "Released binaries", "{7281453D-173B-4E0D-8F4F-E7893B0C295F}"
EndProject
Project("{2150E333-8FDC-42A3-9474-1A3956D46DE8}") = "v2.0", "v2.0", "{3742AC59-8431-4DE9-AFE3-35F68B496D68}"
	ProjectSection(SolutionItems) = preProject
		Released binaries\v2.0\SlowCheetah.dll = Released binaries\v2.0\SlowCheetah.dll
		Released binaries\v2.0\SlowCheetah.dll.CodeAnalysisLog.xml = Released binaries\v2.0\SlowCheetah.dll.CodeAnalysisLog.xml
		Released binaries\v2.0\SlowCheetah.dll.config = Released binaries\v2.0\SlowCheetah.dll.config
		Released binaries\v2.0\SlowCheetah.pdb = Released binaries\v2.0\SlowCheetah.pdb
		Released binaries\v2.0\SlowCheetah.pkgdef = Released binaries\v2.0\SlowCheetah.pkgdef
		Released binaries\v2.0\SlowCheetah.Tasks.dll = Released binaries\v2.0\SlowCheetah.Tasks.dll
		Released binaries\v2.0\SlowCheetah.Tasks.pdb = Released binaries\v2.0\SlowCheetah.Tasks.pdb
		Released binaries\v2.0\SlowCheetah.vsix = Released binaries\v2.0\SlowCheetah.vsix
	EndProjectSection
EndProject
Project("{2150E333-8FDC-42A3-9474-1A3956D46DE8}") = "v1.0", "v1.0", "{81C82F94-55F5-42E0-9350-3CAEEE52F08B}"
	ProjectSection(SolutionItems) = preProject
		Released binaries\v1.0\SlowCheetah-v1.0.vsix = Released binaries\v1.0\SlowCheetah-v1.0.vsix
	EndProjectSection
EndProject
Project("{2150E333-8FDC-42A3-9474-1A3956D46DE8}") = "v2.1", "v2.1", "{1B38300F-6D6B-4048-994B-BF71F002DC59}"
	ProjectSection(SolutionItems) = preProject
		Released binaries\v2.1\extension.vsixmanifest = Released binaries\v2.1\extension.vsixmanifest
		Released binaries\v2.1\SlowCheetah.dll = Released binaries\v2.1\SlowCheetah.dll
		Released binaries\v2.1\SlowCheetah.dll.CodeAnalysisLog.xml = Released binaries\v2.1\SlowCheetah.dll.CodeAnalysisLog.xml
		Released binaries\v2.1\SlowCheetah.dll.config = Released binaries\v2.1\SlowCheetah.dll.config
		Released binaries\v2.1\SlowCheetah.pdb = Released binaries\v2.1\SlowCheetah.pdb
		Released binaries\v2.1\SlowCheetah.Tasks.dll = Released binaries\v2.1\SlowCheetah.Tasks.dll
		Released binaries\v2.1\SlowCheetah.Tasks.pdb = Released binaries\v2.1\SlowCheetah.Tasks.pdb
		Released binaries\v2.1\SlowCheetah.vsix = Released binaries\v2.1\SlowCheetah.vsix
	EndProjectSection
EndProject
Global
	GlobalSection(TeamFoundationVersionControl) = preSolution
		SccNumberOfProjects = 5
		SccEnterpriseProvider = {4CA58AB2-18FA-4F8D-95D4-32DDF27D184C}
		SccTeamFoundationServer = http://vstfcodebox:8080/tfs/tau
		SccLocalPath0 = .
		SccProjectUniqueName1 = Sample\\Sample.csproj
		SccProjectName1 = Sample
		SccLocalPath1 = Sample
		SccProjectUniqueName2 = SlowCheetah\\SlowCheetah.csproj
		SccProjectName2 = SlowCheetah
		SccLocalPath2 = SlowCheetah
		SccProjectUniqueName3 = SlowCheetah\\SlowCheetah_UnitTests\\SlowCheetah_UnitTests.csproj
		SccProjectName3 = SlowCheetah/SlowCheetah_UnitTests
		SccLocalPath3 = SlowCheetah\\SlowCheetah_UnitTests
		SccProjectUniqueName4 = SlowCheetah.Tasks\\SlowCheetah.Tasks.csproj
		SccProjectName4 = SlowCheetah.Tasks
		SccLocalPath4 = SlowCheetah.Tasks
	EndGlobalSection
	GlobalSection(TestCaseManagementSettings) = postSolution
		CategoryFile = SlowCheetah.vsmdi
	EndGlobalSection
	GlobalSection(SolutionConfigurationPlatforms) = preSolution
		Debug|Any CPU = Debug|Any CPU
		Debug|Mixed Platforms = Debug|Mixed Platforms
		Debug|x86 = Debug|x86
		Release|Any CPU = Release|Any CPU
		Release|Mixed Platforms = Release|Mixed Platforms
		Release|x86 = Release|x86
	EndGlobalSection
	GlobalSection(ProjectConfigurationPlatforms) = postSolution
		{82981C27-9587-42C7-90C3-9CB88D59C3F1}.Debug|Any CPU.ActiveCfg = Debug|Any CPU
		{82981C27-9587-42C7-90C3-9CB88D59C3F1}.Debug|Any CPU.Build.0 = Debug|Any CPU
		{82981C27-9587-42C7-90C3-9CB88D59C3F1}.Debug|Mixed Platforms.ActiveCfg = Debug|Any CPU
		{82981C27-9587-42C7-90C3-9CB88D59C3F1}.Debug|Mixed Platforms.Build.0 = Debug|Any CPU
		{82981C27-9587-42C7-90C3-9CB88D59C3F1}.Debug|x86.ActiveCfg = Debug|Any CPU
		{82981C27-9587-42C7-90C3-9CB88D59C3F1}.Release|Any CPU.ActiveCfg = Release|Any CPU
		{82981C27-9587-42C7-90C3-9CB88D59C3F1}.Release|Any CPU.Build.0 = Release|Any CPU
		{82981C27-9587-42C7-90C3-9CB88D59C3F1}.Release|Mixed Platforms.ActiveCfg = Release|Any CPU
		{82981C27-9587-42C7-90C3-9CB88D59C3F1}.Release|Mixed Platforms.Build.0 = Release|Any CPU
		{82981C27-9587-42C7-90C3-9CB88D59C3F1}.Release|x86.ActiveCfg = Release|Any CPU
		{82981C27-9587-42C7-90C3-9CB88D59C3F1}.Release|x86.Build.0 = Release|Any CPU
		{2FAF5A09-3AA5-43BB-BC9A-608CE27ABBE4}.Debug|Any CPU.ActiveCfg = Debug|Any CPU
		{2FAF5A09-3AA5-43BB-BC9A-608CE27ABBE4}.Debug|Any CPU.Build.0 = Debug|Any CPU
		{2FAF5A09-3AA5-43BB-BC9A-608CE27ABBE4}.Debug|Mixed Platforms.ActiveCfg = Debug|Any CPU
		{2FAF5A09-3AA5-43BB-BC9A-608CE27ABBE4}.Debug|Mixed Platforms.Build.0 = Debug|Any CPU
		{2FAF5A09-3AA5-43BB-BC9A-608CE27ABBE4}.Debug|x86.ActiveCfg = Debug|Any CPU
		{2FAF5A09-3AA5-43BB-BC9A-608CE27ABBE4}.Release|Any CPU.ActiveCfg = Release|Any CPU
		{2FAF5A09-3AA5-43BB-BC9A-608CE27ABBE4}.Release|Any CPU.Build.0 = Release|Any CPU
		{2FAF5A09-3AA5-43BB-BC9A-608CE27ABBE4}.Release|Mixed Platforms.ActiveCfg = Release|Any CPU
		{2FAF5A09-3AA5-43BB-BC9A-608CE27ABBE4}.Release|Mixed Platforms.Build.0 = Release|Any CPU
		{2FAF5A09-3AA5-43BB-BC9A-608CE27ABBE4}.Release|x86.ActiveCfg = Release|Any CPU
		{2FAF5A09-3AA5-43BB-BC9A-608CE27ABBE4}.Release|x86.Build.0 = Release|Any CPU
		{993B3AFF-787D-4A35-AC12-BD3574086926}.Debug|Any CPU.ActiveCfg = Debug|x86
		{993B3AFF-787D-4A35-AC12-BD3574086926}.Debug|Mixed Platforms.ActiveCfg = Debug|x86
		{993B3AFF-787D-4A35-AC12-BD3574086926}.Debug|x86.ActiveCfg = Debug|x86
		{993B3AFF-787D-4A35-AC12-BD3574086926}.Debug|x86.Build.0 = Debug|x86
		{993B3AFF-787D-4A35-AC12-BD3574086926}.Release|Any CPU.ActiveCfg = Release|x86
		{993B3AFF-787D-4A35-AC12-BD3574086926}.Release|Any CPU.Build.0 = Release|x86
		{993B3AFF-787D-4A35-AC12-BD3574086926}.Release|Mixed Platforms.ActiveCfg = Release|x86
		{993B3AFF-787D-4A35-AC12-BD3574086926}.Release|Mixed Platforms.Build.0 = Release|x86
		{993B3AFF-787D-4A35-AC12-BD3574086926}.Release|x86.ActiveCfg = Release|x86
		{993B3AFF-787D-4A35-AC12-BD3574086926}.Release|x86.Build.0 = Release|x86
		{CDAA253C-6C77-4E8C-8793-4E7D65EC412B}.Debug|Any CPU.ActiveCfg = Debug|Any CPU
		{CDAA253C-6C77-4E8C-8793-4E7D65EC412B}.Debug|Any CPU.Build.0 = Debug|Any CPU
		{CDAA253C-6C77-4E8C-8793-4E7D65EC412B}.Debug|Mixed Platforms.ActiveCfg = Debug|Any CPU
		{CDAA253C-6C77-4E8C-8793-4E7D65EC412B}.Debug|Mixed Platforms.Build.0 = Debug|Any CPU
		{CDAA253C-6C77-4E8C-8793-4E7D65EC412B}.Debug|x86.ActiveCfg = Debug|Any CPU
		{CDAA253C-6C77-4E8C-8793-4E7D65EC412B}.Release|Any CPU.ActiveCfg = Release|Any CPU
		{CDAA253C-6C77-4E8C-8793-4E7D65EC412B}.Release|Any CPU.Build.0 = Release|Any CPU
		{CDAA253C-6C77-4E8C-8793-4E7D65EC412B}.Release|Mixed Platforms.ActiveCfg = Release|Any CPU
		{CDAA253C-6C77-4E8C-8793-4E7D65EC412B}.Release|Mixed Platforms.Build.0 = Release|Any CPU
		{CDAA253C-6C77-4E8C-8793-4E7D65EC412B}.Release|x86.ActiveCfg = Release|Any CPU
	EndGlobalSection
	GlobalSection(SolutionProperties) = preSolution
		HideSolutionNode = FALSE
	EndGlobalSection
	GlobalSection(NestedProjects) = preSolution
		{3742AC59-8431-4DE9-AFE3-35F68B496D68} = {7281453D-173B-4E0D-8F4F-E7893B0C295F}
		{81C82F94-55F5-42E0-9350-3CAEEE52F08B} = {7281453D-173B-4E0D-8F4F-E7893B0C295F}
		{1B38300F-6D6B-4048-994B-BF71F002DC59} = {7281453D-173B-4E0D-8F4F-E7893B0C295F}
	EndGlobalSection
EndGlobal
