
Microsoft Visual Studio Solution File, Format Version 12.00
# Visual Studio 2012
Project("{FAE04EC0-301F-11D3-BF4B-00C04F79EFBC}") = "Wpf.Transform", "Wpf.Transform\Wpf.Transform.csproj", "{F5E1A5EA-4544-49B2-AE4A-8590D96E6537}"
EndProject
Project("{54435603-DBB4-11D2-8724-00A0C9A8B90C}") = "TransformSetupProject", "TransformSetupProject\TransformSetupProject.vdproj", "{2B730C2F-9E22-49CE-8908-E40E82CBAE9E}"
EndProject
Project("{F2A71F9B-5D33-465A-A702-920D77279786}") = "FSharpDemo", "FSharpDemo\FSharpDemo.fsproj", "{85361198-DB0E-4528-A513-80E025DE74A0}"
EndProject
Project("{FAE04EC0-301F-11D3-BF4B-00C04F79EFBC}") = "WebDemo", "WebDemo\WebDemo.csproj", "{B6F0849F-279E-4BDA-B7CF-8E83D4BF88AA}"
EndProject
Global
	GlobalSection(SolutionConfigurationPlatforms) = preSolution
		Debug|Any CPU = Debug|Any CPU
		Debug|Mixed Platforms = Debug|Mixed Platforms
		Debug|x86 = Debug|x86
		Release|Any CPU = Release|Any CPU
		Release|Mixed Platforms = Release|Mixed Platforms
		Release|x86 = Release|x86
	EndGlobalSection
	GlobalSection(ProjectConfigurationPlatforms) = postSolution
		{F5E1A5EA-4544-49B2-AE4A-8590D96E6537}.Debug|Any CPU.ActiveCfg = Debug|x86
		{F5E1A5EA-4544-49B2-AE4A-8590D96E6537}.Debug|Mixed Platforms.ActiveCfg = Debug|x86
		{F5E1A5EA-4544-49B2-AE4A-8590D96E6537}.Debug|Mixed Platforms.Build.0 = Debug|x86
		{F5E1A5EA-4544-49B2-AE4A-8590D96E6537}.Debug|x86.ActiveCfg = Debug|x86
		{F5E1A5EA-4544-49B2-AE4A-8590D96E6537}.Debug|x86.Build.0 = Debug|x86
		{F5E1A5EA-4544-49B2-AE4A-8590D96E6537}.Release|Any CPU.ActiveCfg = Release|x86
		{F5E1A5EA-4544-49B2-AE4A-8590D96E6537}.Release|Mixed Platforms.ActiveCfg = Release|x86
		{F5E1A5EA-4544-49B2-AE4A-8590D96E6537}.Release|Mixed Platforms.Build.0 = Release|x86
		{F5E1A5EA-4544-49B2-AE4A-8590D96E6537}.Release|x86.ActiveCfg = Release|x86
		{F5E1A5EA-4544-49B2-AE4A-8590D96E6537}.Release|x86.Build.0 = Release|x86
		{2B730C2F-9E22-49CE-8908-E40E82CBAE9E}.Debug|Any CPU.ActiveCfg = Debug
		{2B730C2F-9E22-49CE-8908-E40E82CBAE9E}.Debug|Any CPU.Build.0 = Debug
		{2B730C2F-9E22-49CE-8908-E40E82CBAE9E}.Debug|Mixed Platforms.ActiveCfg = Debug
		{2B730C2F-9E22-49CE-8908-E40E82CBAE9E}.Debug|Mixed Platforms.Build.0 = Debug
		{2B730C2F-9E22-49CE-8908-E40E82CBAE9E}.Debug|x86.ActiveCfg = Debug
		{2B730C2F-9E22-49CE-8908-E40E82CBAE9E}.Release|Any CPU.ActiveCfg = Release
		{2B730C2F-9E22-49CE-8908-E40E82CBAE9E}.Release|Any CPU.Build.0 = Release
		{2B730C2F-9E22-49CE-8908-E40E82CBAE9E}.Release|Mixed Platforms.ActiveCfg = Release
		{2B730C2F-9E22-49CE-8908-E40E82CBAE9E}.Release|Mixed Platforms.Build.0 = Release
		{2B730C2F-9E22-49CE-8908-E40E82CBAE9E}.Release|x86.ActiveCfg = Release
		{85361198-DB0E-4528-A513-80E025DE74A0}.Debug|Any CPU.ActiveCfg = Debug|x86
		{85361198-DB0E-4528-A513-80E025DE74A0}.Debug|Mixed Platforms.ActiveCfg = Debug|x86
		{85361198-DB0E-4528-A513-80E025DE74A0}.Debug|Mixed Platforms.Build.0 = Debug|x86
		{85361198-DB0E-4528-A513-80E025DE74A0}.Debug|x86.ActiveCfg = Debug|x86
		{85361198-DB0E-4528-A513-80E025DE74A0}.Debug|x86.Build.0 = Debug|x86
		{85361198-DB0E-4528-A513-80E025DE74A0}.Release|Any CPU.ActiveCfg = Release|x86
		{85361198-DB0E-4528-A513-80E025DE74A0}.Release|Mixed Platforms.ActiveCfg = Release|x86
		{85361198-DB0E-4528-A513-80E025DE74A0}.Release|Mixed Platforms.Build.0 = Release|x86
		{85361198-DB0E-4528-A513-80E025DE74A0}.Release|x86.ActiveCfg = Release|x86
		{85361198-DB0E-4528-A513-80E025DE74A0}.Release|x86.Build.0 = Release|x86
		{B6F0849F-279E-4BDA-B7CF-8E83D4BF88AA}.Debug|Any CPU.ActiveCfg = Debug|Any CPU
		{B6F0849F-279E-4BDA-B7CF-8E83D4BF88AA}.Debug|Any CPU.Build.0 = Debug|Any CPU
		{B6F0849F-279E-4BDA-B7CF-8E83D4BF88AA}.Debug|Mixed Platforms.ActiveCfg = Debug|Any CPU
		{B6F0849F-279E-4BDA-B7CF-8E83D4BF88AA}.Debug|Mixed Platforms.Build.0 = Debug|Any CPU
		{B6F0849F-279E-4BDA-B7CF-8E83D4BF88AA}.Debug|x86.ActiveCfg = Debug|Any CPU
		{B6F0849F-279E-4BDA-B7CF-8E83D4BF88AA}.Release|Any CPU.ActiveCfg = Release|Any CPU
		{B6F0849F-279E-4BDA-B7CF-8E83D4BF88AA}.Release|Any CPU.Build.0 = Release|Any CPU
		{B6F0849F-279E-4BDA-B7CF-8E83D4BF88AA}.Release|Mixed Platforms.ActiveCfg = Release|Any CPU
		{B6F0849F-279E-4BDA-B7CF-8E83D4BF88AA}.Release|Mixed Platforms.Build.0 = Release|Any CPU
		{B6F0849F-279E-4BDA-B7CF-8E83D4BF88AA}.Release|x86.ActiveCfg = Release|Any CPU
	EndGlobalSection
	GlobalSection(SolutionProperties) = preSolution
		HideSolutionNode = FALSE
	EndGlobalSection
EndGlobal
