
Microsoft Visual Studio Solution File, Format Version 12.00
# Visual Studio Version 17
VisualStudioVersion = 17.2.32616.157
MinimumVisualStudioVersion = 10.0.40219.1
Project("{9A19103F-16F7-4668-BE54-9A1E7A4F7556}") = "Microsoft.VisualStudio.SlowCheetah", "Microsoft.VisualStudio.SlowCheetah\Microsoft.VisualStudio.SlowCheetah.csproj", "{6354D859-E629-49FC-B154-FC0BA42D71B0}"
EndProject
Project("{9A19103F-16F7-4668-BE54-9A1E7A4F7556}") = "Microsoft.VisualStudio.SlowCheetah.Tests", "Microsoft.VisualStudio.SlowCheetah.Tests\Microsoft.VisualStudio.SlowCheetah.Tests.csproj", "{8011779C-108E-46A7-B0E3-BE2DC023BDFE}"
EndProject
Project("{2150E333-8FDC-42A3-9474-1A3956D46DE8}") = "Solution Items", "Solution Items", "{16014DDD-6525-48EF-9D6A-E1067594E1E8}"
	ProjectSection(SolutionItems) = preProject
		stylecop.json = stylecop.json
		..\version.json = ..\version.json
	EndProjectSection
EndProject
Project("{9A19103F-16F7-4668-BE54-9A1E7A4F7556}") = "Microsoft.VisualStudio.SlowCheetah.VS.Tests", "Microsoft.VisualStudio.SlowCheetah.VS.Tests\Microsoft.VisualStudio.SlowCheetah.VS.Tests.csproj", "{CF485485-48C5-4EEF-A552-7CE8A7A360E8}"
EndProject
Project("{FAE04EC0-301F-11D3-BF4B-00C04F79EFBC}") = "Microsoft.VisualStudio.SlowCheetah.Vsix", "Microsoft.VisualStudio.SlowCheetah.Vsix\Microsoft.VisualStudio.SlowCheetah.Vsix.csproj", "{CD2AF93D-5714-404B-9D42-61477BE8F3CF}"
EndProject
Project("{9A19103F-16F7-4668-BE54-9A1E7A4F7556}") = "Microsoft.VisualStudio.SlowCheetah.VS", "Microsoft.VisualStudio.SlowCheetah.VS\Microsoft.VisualStudio.SlowCheetah.VS.csproj", "{80A712EE-7B5C-44D3-A2AD-F918B893B6DF}"
EndProject
Global
	GlobalSection(SolutionConfigurationPlatforms) = preSolution
		Debug|Any CPU = Debug|Any CPU
		Debug|x64 = Debug|x64
		Debug|x86 = Debug|x86
		Release|Any CPU = Release|Any CPU
		Release|x64 = Release|x64
		Release|x86 = Release|x86
	EndGlobalSection
	GlobalSection(ProjectConfigurationPlatforms) = postSolution
		{6354D859-E629-49FC-B154-FC0BA42D71B0}.Debug|Any CPU.ActiveCfg = Debug|Any CPU
		{6354D859-E629-49FC-B154-FC0BA42D71B0}.Debug|Any CPU.Build.0 = Debug|Any CPU
		{6354D859-E629-49FC-B154-FC0BA42D71B0}.Debug|x64.ActiveCfg = Debug|Any CPU
		{6354D859-E629-49FC-B154-FC0BA42D71B0}.Debug|x64.Build.0 = Debug|Any CPU
		{6354D859-E629-49FC-B154-FC0BA42D71B0}.Debug|x86.ActiveCfg = Debug|Any CPU
		{6354D859-E629-49FC-B154-FC0BA42D71B0}.Debug|x86.Build.0 = Debug|Any CPU
		{6354D859-E629-49FC-B154-FC0BA42D71B0}.Release|Any CPU.ActiveCfg = Release|Any CPU
		{6354D859-E629-49FC-B154-FC0BA42D71B0}.Release|Any CPU.Build.0 = Release|Any CPU
		{6354D859-E629-49FC-B154-FC0BA42D71B0}.Release|x64.ActiveCfg = Release|Any CPU
		{6354D859-E629-49FC-B154-FC0BA42D71B0}.Release|x64.Build.0 = Release|Any CPU
		{6354D859-E629-49FC-B154-FC0BA42D71B0}.Release|x86.ActiveCfg = Release|Any CPU
		{6354D859-E629-49FC-B154-FC0BA42D71B0}.Release|x86.Build.0 = Release|Any CPU
		{8011779C-108E-46A7-B0E3-BE2DC023BDFE}.Debug|Any CPU.ActiveCfg = Debug|Any CPU
		{8011779C-108E-46A7-B0E3-BE2DC023BDFE}.Debug|Any CPU.Build.0 = Debug|Any CPU
		{8011779C-108E-46A7-B0E3-BE2DC023BDFE}.Debug|x64.ActiveCfg = Debug|Any CPU
		{8011779C-108E-46A7-B0E3-BE2DC023BDFE}.Debug|x64.Build.0 = Debug|Any CPU
		{8011779C-108E-46A7-B0E3-BE2DC023BDFE}.Debug|x86.ActiveCfg = Debug|Any CPU
		{8011779C-108E-46A7-B0E3-BE2DC023BDFE}.Debug|x86.Build.0 = Debug|Any CPU
		{8011779C-108E-46A7-B0E3-BE2DC023BDFE}.Release|Any CPU.ActiveCfg = Release|Any CPU
		{8011779C-108E-46A7-B0E3-BE2DC023BDFE}.Release|Any CPU.Build.0 = Release|Any CPU
		{8011779C-108E-46A7-B0E3-BE2DC023BDFE}.Release|x64.ActiveCfg = Release|Any CPU
		{8011779C-108E-46A7-B0E3-BE2DC023BDFE}.Release|x64.Build.0 = Release|Any CPU
		{8011779C-108E-46A7-B0E3-BE2DC023BDFE}.Release|x86.ActiveCfg = Release|Any CPU
		{8011779C-108E-46A7-B0E3-BE2DC023BDFE}.Release|x86.Build.0 = Release|Any CPU
		{CF485485-48C5-4EEF-A552-7CE8A7A360E8}.Debug|Any CPU.ActiveCfg = Debug|Any CPU
		{CF485485-48C5-4EEF-A552-7CE8A7A360E8}.Debug|Any CPU.Build.0 = Debug|Any CPU
		{CF485485-48C5-4EEF-A552-7CE8A7A360E8}.Debug|x64.ActiveCfg = Debug|Any CPU
		{CF485485-48C5-4EEF-A552-7CE8A7A360E8}.Debug|x64.Build.0 = Debug|Any CPU
		{CF485485-48C5-4EEF-A552-7CE8A7A360E8}.Debug|x86.ActiveCfg = Debug|Any CPU
		{CF485485-48C5-4EEF-A552-7CE8A7A360E8}.Debug|x86.Build.0 = Debug|Any CPU
		{CF485485-48C5-4EEF-A552-7CE8A7A360E8}.Release|Any CPU.ActiveCfg = Release|Any CPU
		{CF485485-48C5-4EEF-A552-7CE8A7A360E8}.Release|Any CPU.Build.0 = Release|Any CPU
		{CF485485-48C5-4EEF-A552-7CE8A7A360E8}.Release|x64.ActiveCfg = Release|Any CPU
		{CF485485-48C5-4EEF-A552-7CE8A7A360E8}.Release|x64.Build.0 = Release|Any CPU
		{CF485485-48C5-4EEF-A552-7CE8A7A360E8}.Release|x86.ActiveCfg = Release|Any CPU
		{CF485485-48C5-4EEF-A552-7CE8A7A360E8}.Release|x86.Build.0 = Release|Any CPU
		{CD2AF93D-5714-404B-9D42-61477BE8F3CF}.Debug|Any CPU.ActiveCfg = Debug|Any CPU
		{CD2AF93D-5714-404B-9D42-61477BE8F3CF}.Debug|Any CPU.Build.0 = Debug|Any CPU
		{CD2AF93D-5714-404B-9D42-61477BE8F3CF}.Debug|x64.ActiveCfg = Debug|Any CPU
		{CD2AF93D-5714-404B-9D42-61477BE8F3CF}.Debug|x64.Build.0 = Debug|Any CPU
		{CD2AF93D-5714-404B-9D42-61477BE8F3CF}.Debug|x86.ActiveCfg = Debug|Any CPU
		{CD2AF93D-5714-404B-9D42-61477BE8F3CF}.Debug|x86.Build.0 = Debug|Any CPU
		{CD2AF93D-5714-404B-9D42-61477BE8F3CF}.Release|Any CPU.ActiveCfg = Release|Any CPU
		{CD2AF93D-5714-404B-9D42-61477BE8F3CF}.Release|Any CPU.Build.0 = Release|Any CPU
		{CD2AF93D-5714-404B-9D42-61477BE8F3CF}.Release|x64.ActiveCfg = Release|Any CPU
		{CD2AF93D-5714-404B-9D42-61477BE8F3CF}.Release|x64.Build.0 = Release|Any CPU
		{CD2AF93D-5714-404B-9D42-61477BE8F3CF}.Release|x86.ActiveCfg = Release|Any CPU
		{CD2AF93D-5714-404B-9D42-61477BE8F3CF}.Release|x86.Build.0 = Release|Any CPU
		{80A712EE-7B5C-44D3-A2AD-F918B893B6DF}.Debug|Any CPU.ActiveCfg = Debug|Any CPU
		{80A712EE-7B5C-44D3-A2AD-F918B893B6DF}.Debug|Any CPU.Build.0 = Debug|Any CPU
		{80A712EE-7B5C-44D3-A2AD-F918B893B6DF}.Debug|x64.ActiveCfg = Debug|Any CPU
		{80A712EE-7B5C-44D3-A2AD-F918B893B6DF}.Debug|x64.Build.0 = Debug|Any CPU
		{80A712EE-7B5C-44D3-A2AD-F918B893B6DF}.Debug|x86.ActiveCfg = Debug|Any CPU
		{80A712EE-7B5C-44D3-A2AD-F918B893B6DF}.Debug|x86.Build.0 = Debug|Any CPU
		{80A712EE-7B5C-44D3-A2AD-F918B893B6DF}.Release|Any CPU.ActiveCfg = Release|Any CPU
		{80A712EE-7B5C-44D3-A2AD-F918B893B6DF}.Release|Any CPU.Build.0 = Release|Any CPU
		{80A712EE-7B5C-44D3-A2AD-F918B893B6DF}.Release|x64.ActiveCfg = Release|Any CPU
		{80A712EE-7B5C-44D3-A2AD-F918B893B6DF}.Release|x64.Build.0 = Release|Any CPU
		{80A712EE-7B5C-44D3-A2AD-F918B893B6DF}.Release|x86.ActiveCfg = Release|Any CPU
		{80A712EE-7B5C-44D3-A2AD-F918B893B6DF}.Release|x86.Build.0 = Release|Any CPU
	EndGlobalSection
	GlobalSection(SolutionProperties) = preSolution
		HideSolutionNode = FALSE
	EndGlobalSection
	GlobalSection(ExtensibilityGlobals) = postSolution
		SolutionGuid = {CC1C0F9C-35CE-4F3B-8AAB-3EC4F4EA7BC5}
	EndGlobalSection
EndGlobal
